
Microsoft Visual Studio Solution File, Format Version 12.00
# Visual Studio Version 17
VisualStudioVersion = 17.1.32104.313
MinimumVisualStudioVersion = 10.0.40219.1
Project("{9A19103F-16F7-4668-BE54-9A1E7A4F7556}") = "Chip8.CmdHost", "Chip8.CmdHost\Chip8.CmdHost.csproj", "{76DDB0BA-266D-4E6F-AE8E-7C7B7846A51D}"
EndProject
Project("{9A19103F-16F7-4668-BE54-9A1E7A4F7556}") = "Chip8.Interpreter.V1", "Chip8.Interpreter.V1\Chip8.Interpreter.V1.csproj", "{A1243810-2800-4D33-B314-EEB6C5908CD7}"
EndProject
Project("{9A19103F-16F7-4668-BE54-9A1E7A4F7556}") = "Chip8.Interpreter.V2.Host", "Chip8.Interpreter.V2.Host\Chip8.Interpreter.V2.Host.csproj", "{F01D27BE-8759-4275-8981-1464E7EA9DA6}"
EndProject
Project("{2150E333-8FDC-42A3-9474-1A3956D46DE8}") = "V1", "V1", "{58A1C337-B612-4C45-8D8F-E980F4101D43}"
EndProject
Project("{9A19103F-16F7-4668-BE54-9A1E7A4F7556}") = "Chip8.Interpreter.V2", "Chip8.Interpreter.V2\Chip8.Interpreter.V2.csproj", "{0EF0F5D7-44AC-4B6C-B3D2-9DA4DF14E5CB}"
EndProject
Project("{2150E333-8FDC-42A3-9474-1A3956D46DE8}") = "V2", "V2", "{C1D862D8-56EC-4BD4-B143-35388A2CC450}"
EndProject
Project("{9A19103F-16F7-4668-BE54-9A1E7A4F7556}") = "SuperChip.Interpreter.V3", "SuperChip.Interpreter.V3\SuperChip.Interpreter.V3.csproj", "{41C2E2D3-3CD2-4152-8991-6DCC3ADEAA6A}"
EndProject
Project("{9A19103F-16F7-4668-BE54-9A1E7A4F7556}") = "Chip8.Files", "Chip8.Files\Chip8.Files.csproj", "{8E3C1A08-E73C-40D8-8C86-D17870696A90}"
EndProject
Project("{FAE04EC0-301F-11D3-BF4B-00C04F79EFBC}") = "Chip8.Test", "Chip8.Test\Chip8.Test.csproj", "{0F3198EE-F115-4357-8701-4A252E37DBD5}"
EndProject
Project("{FAE04EC0-301F-11D3-BF4B-00C04F79EFBC}") = "SuperChip.Interpreter.Host-pi", "SuperChip.Interpreter.Host\SuperChip.Interpreter.Host-pi.csproj", "{9C50D5D3-4AFC-4892-965F-B45099FC4CD7}"
EndProject
Global
	GlobalSection(SolutionConfigurationPlatforms) = preSolution
		Debug|Any CPU = Debug|Any CPU
		Release|Any CPU = Release|Any CPU
	EndGlobalSection
	GlobalSection(ProjectConfigurationPlatforms) = postSolution
		{76DDB0BA-266D-4E6F-AE8E-7C7B7846A51D}.Debug|Any CPU.ActiveCfg = Debug|Any CPU
		{76DDB0BA-266D-4E6F-AE8E-7C7B7846A51D}.Debug|Any CPU.Build.0 = Debug|Any CPU
		{76DDB0BA-266D-4E6F-AE8E-7C7B7846A51D}.Release|Any CPU.ActiveCfg = Release|Any CPU
		{76DDB0BA-266D-4E6F-AE8E-7C7B7846A51D}.Release|Any CPU.Build.0 = Release|Any CPU
		{A1243810-2800-4D33-B314-EEB6C5908CD7}.Debug|Any CPU.ActiveCfg = Debug|Any CPU
		{A1243810-2800-4D33-B314-EEB6C5908CD7}.Debug|Any CPU.Build.0 = Debug|Any CPU
		{A1243810-2800-4D33-B314-EEB6C5908CD7}.Release|Any CPU.ActiveCfg = Release|Any CPU
		{A1243810-2800-4D33-B314-EEB6C5908CD7}.Release|Any CPU.Build.0 = Release|Any CPU
		{F01D27BE-8759-4275-8981-1464E7EA9DA6}.Debug|Any CPU.ActiveCfg = Debug|Any CPU
		{F01D27BE-8759-4275-8981-1464E7EA9DA6}.Debug|Any CPU.Build.0 = Debug|Any CPU
		{F01D27BE-8759-4275-8981-1464E7EA9DA6}.Release|Any CPU.ActiveCfg = Release|Any CPU
		{F01D27BE-8759-4275-8981-1464E7EA9DA6}.Release|Any CPU.Build.0 = Release|Any CPU
		{0EF0F5D7-44AC-4B6C-B3D2-9DA4DF14E5CB}.Debug|Any CPU.ActiveCfg = Debug|Any CPU
		{0EF0F5D7-44AC-4B6C-B3D2-9DA4DF14E5CB}.Debug|Any CPU.Build.0 = Debug|Any CPU
		{0EF0F5D7-44AC-4B6C-B3D2-9DA4DF14E5CB}.Release|Any CPU.ActiveCfg = Release|Any CPU
		{0EF0F5D7-44AC-4B6C-B3D2-9DA4DF14E5CB}.Release|Any CPU.Build.0 = Release|Any CPU
		{41C2E2D3-3CD2-4152-8991-6DCC3ADEAA6A}.Debug|Any CPU.ActiveCfg = Debug|Any CPU
		{41C2E2D3-3CD2-4152-8991-6DCC3ADEAA6A}.Debug|Any CPU.Build.0 = Debug|Any CPU
		{41C2E2D3-3CD2-4152-8991-6DCC3ADEAA6A}.Release|Any CPU.ActiveCfg = Release|Any CPU
		{41C2E2D3-3CD2-4152-8991-6DCC3ADEAA6A}.Release|Any CPU.Build.0 = Release|Any CPU
		{8E3C1A08-E73C-40D8-8C86-D17870696A90}.Debug|Any CPU.ActiveCfg = Debug|Any CPU
		{8E3C1A08-E73C-40D8-8C86-D17870696A90}.Debug|Any CPU.Build.0 = Debug|Any CPU
		{8E3C1A08-E73C-40D8-8C86-D17870696A90}.Release|Any CPU.ActiveCfg = Release|Any CPU
		{8E3C1A08-E73C-40D8-8C86-D17870696A90}.Release|Any CPU.Build.0 = Release|Any CPU
		{0F3198EE-F115-4357-8701-4A252E37DBD5}.Debug|Any CPU.ActiveCfg = Debug|Any CPU
		{0F3198EE-F115-4357-8701-4A252E37DBD5}.Debug|Any CPU.Build.0 = Debug|Any CPU
		{0F3198EE-F115-4357-8701-4A252E37DBD5}.Release|Any CPU.ActiveCfg = Release|Any CPU
		{0F3198EE-F115-4357-8701-4A252E37DBD5}.Release|Any CPU.Build.0 = Release|Any CPU
		{9C50D5D3-4AFC-4892-965F-B45099FC4CD7}.Debug|Any CPU.ActiveCfg = Debug|Any CPU
		{9C50D5D3-4AFC-4892-965F-B45099FC4CD7}.Debug|Any CPU.Build.0 = Debug|Any CPU
		{9C50D5D3-4AFC-4892-965F-B45099FC4CD7}.Release|Any CPU.ActiveCfg = Release|Any CPU
		{9C50D5D3-4AFC-4892-965F-B45099FC4CD7}.Release|Any CPU.Build.0 = Release|Any CPU
	EndGlobalSection
	GlobalSection(SolutionProperties) = preSolution
		HideSolutionNode = FALSE
	EndGlobalSection
	GlobalSection(NestedProjects) = preSolution
		{76DDB0BA-266D-4E6F-AE8E-7C7B7846A51D} = {58A1C337-B612-4C45-8D8F-E980F4101D43}
		{A1243810-2800-4D33-B314-EEB6C5908CD7} = {58A1C337-B612-4C45-8D8F-E980F4101D43}
		{F01D27BE-8759-4275-8981-1464E7EA9DA6} = {C1D862D8-56EC-4BD4-B143-35388A2CC450}
		{0EF0F5D7-44AC-4B6C-B3D2-9DA4DF14E5CB} = {C1D862D8-56EC-4BD4-B143-35388A2CC450}
	EndGlobalSection
	GlobalSection(ExtensibilityGlobals) = postSolution
		SolutionGuid = {D118E3BA-5251-4327-9AD7-75BC7604279B}
	EndGlobalSection
EndGlobal
