
Microsoft Visual Studio Solution File, Format Version 12.00
# Visual Studio Version 16
VisualStudioVersion = 16.0.30114.105
MinimumVisualStudioVersion = 10.0.40219.1
Project("{FAE04EC0-301F-11D3-BF4B-00C04F79EFBC}") = "SuperChip.Interpreter.Host-pi", "SuperChip.Interpreter.Host\SuperChip.Interpreter.Host-pi.csproj", "{C8E79777-18ED-41AA-A8E1-FE4EF232A03A}"
EndProject
Project("{FAE04EC0-301F-11D3-BF4B-00C04F79EFBC}") = "SuperChip.Interpreter.V3", "SuperChip.Interpreter.V3\SuperChip.Interpreter.V3.csproj", "{4E03FF07-5124-4182-8679-D85856C0530F}"
EndProject
Global
	GlobalSection(SolutionConfigurationPlatforms) = preSolution
		Debug|Any CPU = Debug|Any CPU
		Release|Any CPU = Release|Any CPU
	EndGlobalSection
	GlobalSection(SolutionProperties) = preSolution
		HideSolutionNode = FALSE
	EndGlobalSection
	GlobalSection(ProjectConfigurationPlatforms) = postSolution
		{C8E79777-18ED-41AA-A8E1-FE4EF232A03A}.Debug|Any CPU.ActiveCfg = Debug|Any CPU
		{C8E79777-18ED-41AA-A8E1-FE4EF232A03A}.Debug|Any CPU.Build.0 = Debug|Any CPU
		{C8E79777-18ED-41AA-A8E1-FE4EF232A03A}.Release|Any CPU.ActiveCfg = Release|Any CPU
		{C8E79777-18ED-41AA-A8E1-FE4EF232A03A}.Release|Any CPU.Build.0 = Release|Any CPU
		{4E03FF07-5124-4182-8679-D85856C0530F}.Debug|Any CPU.ActiveCfg = Debug|Any CPU
		{4E03FF07-5124-4182-8679-D85856C0530F}.Debug|Any CPU.Build.0 = Debug|Any CPU
		{4E03FF07-5124-4182-8679-D85856C0530F}.Release|Any CPU.ActiveCfg = Release|Any CPU
		{4E03FF07-5124-4182-8679-D85856C0530F}.Release|Any CPU.Build.0 = Release|Any CPU
	EndGlobalSection
EndGlobal
